
Microsoft Visual Studio Solution File, Format Version 12.00
# Visual Studio Version 17
VisualStudioVersion = 17.6.33815.320
MinimumVisualStudioVersion = 10.0.40219.1
Project("{FAE04EC0-301F-11D3-BF4B-00C04F79EFBC}") = "TinyCalculator", "TinyCalculator\TinyCalculator.csproj", "{EB42A579-8301-49D2-BF96-90D0D626C65D}"
EndProject
Global
	GlobalSection(SolutionConfigurationPlatforms) = preSolution
		Debug|Any CPU = Debug|Any CPU
		Release|Any CPU = Release|Any CPU
	EndGlobalSection
	GlobalSection(ProjectConfigurationPlatforms) = postSolution
		{EB42A579-8301-49D2-BF96-90D0D626C65D}.Debug|Any CPU.ActiveCfg = Debug|Any CPU
		{EB42A579-8301-49D2-BF96-90D0D626C65D}.Debug|Any CPU.Build.0 = Debug|Any CPU
		{EB42A579-8301-49D2-BF96-90D0D626C65D}.Release|Any CPU.ActiveCfg = Release|Any CPU
		{EB42A579-8301-49D2-BF96-90D0D626C65D}.Release|Any CPU.Build.0 = Release|Any CPU
	EndGlobalSection
	GlobalSection(SolutionProperties) = preSolution
		HideSolutionNode = FALSE
	EndGlobalSection
	GlobalSection(ExtensibilityGlobals) = postSolution
		SolutionGuid = {6176DC75-A945-4693-BA5F-7158153259A4}
	EndGlobalSection
EndGlobal
